{
  "pins" : [
    {
      "identity" : "swift-argument-parser",
      "kind" : "remoteSourceControl",
      "location" : "https://github.com/apple/swift-argument-parser.git",
      "state" : {
        "revision" : "fee6933f37fde9a5e12a1e4aeaa93fe60116ff2a",
        "version" : "1.2.2"
      }
    },
    {
      "identity" : "swiftpizzasnips",
      "kind" : "remoteSourceControl",
      "location" : "https://github.com/mredig/SwiftPizzaSnips.git",
      "state" : {
        "revision" : "e10c66d13304294f029dceecf199d71c8b946f46",
        "version" : "0.4.23"
      }
    }
  ],
  "version" : 2
}
